// !$*UTF8*$!
{
	archiveVersion = 1;
	classes = {
	};
	objectVersion = 51;
	objects = {

/* Begin PBXBuildFile section */
		2FA9C53A702107659A19B19D /* Pods_Firebase.framework in Frameworks */ = {isa = PBXBuildFile; fileRef = 733E0A809402F30D8F13CBB6 /* Pods_Firebase.framework */; };
		D722A26623920E0F001754ED /* AppDelegate.swift in Sources */ = {isa = PBXBuildFile; fileRef = D722A26523920E0F001754ED /* AppDelegate.swift */; };
		D722A26823920E0F001754ED /* SceneDelegate.swift in Sources */ = {isa = PBXBuildFile; fileRef = D722A26723920E0F001754ED /* SceneDelegate.swift */; };
		D722A26A23920E0F001754ED /* LoginViewController.swift in Sources */ = {isa = PBXBuildFile; fileRef = D722A26923920E0F001754ED /* LoginViewController.swift */; };
		D722A26F23920E10001754ED /* Assets.xcassets in Resources */ = {isa = PBXBuildFile; fileRef = D722A26E23920E10001754ED /* Assets.xcassets */; };
		D722A27223920E10001754ED /* LaunchScreen.storyboard in Resources */ = {isa = PBXBuildFile; fileRef = D722A27023920E10001754ED /* LaunchScreen.storyboard */; };
		D722A27A23922E84001754ED /* TasksViewController.swift in Sources */ = {isa = PBXBuildFile; fileRef = D722A27923922E84001754ED /* TasksViewController.swift */; };
		D76B35EA239239F600CFD214 /* Main.storyboard in Resources */ = {isa = PBXBuildFile; fileRef = D76B35E8239239F600CFD214 /* Main.storyboard */; };
		D76B35EE2392595D00CFD214 /* GoogleService-Info.plist in Resources */ = {isa = PBXBuildFile; fileRef = D76B35ED2392595D00CFD214 /* GoogleService-Info.plist */; };
		D7DF8E122393135300D4EA45 /* Task.swift in Sources */ = {isa = PBXBuildFile; fileRef = D7DF8E112393135300D4EA45 /* Task.swift */; };
		D7DF8E142393135900D4EA45 /* User.swift in Sources */ = {isa = PBXBuildFile; fileRef = D7DF8E132393135900D4EA45 /* User.swift */; };
/* End PBXBuildFile section */

/* Begin PBXFileReference section */
		1E4AD2A2C66B5DEA8FF55618 /* Pods-Firebase.debug.xcconfig */ = {isa = PBXFileReference; includeInIndex = 1; lastKnownFileType = text.xcconfig; name = "Pods-Firebase.debug.xcconfig"; path = "Target Support Files/Pods-Firebase/Pods-Firebase.debug.xcconfig"; sourceTree = "<group>"; };
		733E0A809402F30D8F13CBB6 /* Pods_Firebase.framework */ = {isa = PBXFileReference; explicitFileType = wrapper.framework; includeInIndex = 0; path = Pods_Firebase.framework; sourceTree = BUILT_PRODUCTS_DIR; };
		86DF3647D0F7AA93935F5580 /* Pods-Firebase.release.xcconfig */ = {isa = PBXFileReference; includeInIndex = 1; lastKnownFileType = text.xcconfig; name = "Pods-Firebase.release.xcconfig"; path = "Target Support Files/Pods-Firebase/Pods-Firebase.release.xcconfig"; sourceTree = "<group>"; };
		D722A26223920E0F001754ED /* Firebase.app */ = {isa = PBXFileReference; explicitFileType = wrapper.application; includeInIndex = 0; path = Firebase.app; sourceTree = BUILT_PRODUCTS_DIR; };
		D722A26523920E0F001754ED /* AppDelegate.swift */ = {isa = PBXFileReference; lastKnownFileType = sourcecode.swift; path = AppDelegate.swift; sourceTree = "<group>"; };
		D722A26723920E0F001754ED /* SceneDelegate.swift */ = {isa = PBXFileReference; lastKnownFileType = sourcecode.swift; path = SceneDelegate.swift; sourceTree = "<group>"; };
		D722A26923920E0F001754ED /* LoginViewController.swift */ = {isa = PBXFileReference; lastKnownFileType = sourcecode.swift; path = LoginViewController.swift; sourceTree = "<group>"; };
		D722A26E23920E10001754ED /* Assets.xcassets */ = {isa = PBXFileReference; lastKnownFileType = folder.assetcatalog; path = Assets.xcassets; sourceTree = "<group>"; };
		D722A27123920E10001754ED /* Base */ = {isa = PBXFileReference; lastKnownFileType = file.storyboard; name = Base; path = Base.lproj/LaunchScreen.storyboard; sourceTree = "<group>"; };
		D722A27323920E10001754ED /* Info.plist */ = {isa = PBXFileReference; lastKnownFileType = text.plist.xml; path = Info.plist; sourceTree = "<group>"; };
		D722A27923922E84001754ED /* TasksViewController.swift */ = {isa = PBXFileReference; lastKnownFileType = sourcecode.swift; path = TasksViewController.swift; sourceTree = "<group>"; };
		D76B35E8239239F600CFD214 /* Main.storyboard */ = {isa = PBXFileReference; fileEncoding = 4; lastKnownFileType = file.storyboard; name = Main.storyboard; path = ../../../../../.Trash/Main.storyboard; sourceTree = "<group>"; };
		D76B35ED2392595D00CFD214 /* GoogleService-Info.plist */ = {isa = PBXFileReference; fileEncoding = 4; lastKnownFileType = text.plist.xml; path = "GoogleService-Info.plist"; sourceTree = "<group>"; };
		D7DF8E112393135300D4EA45 /* Task.swift */ = {isa = PBXFileReference; lastKnownFileType = sourcecode.swift; path = Task.swift; sourceTree = "<group>"; };
		D7DF8E132393135900D4EA45 /* User.swift */ = {isa = PBXFileReference; lastKnownFileType = sourcecode.swift; path = User.swift; sourceTree = "<group>"; };
/* End PBXFileReference section */

/* Begin PBXFrameworksBuildPhase section */
		D722A25F23920E0F001754ED /* Frameworks */ = {
			isa = PBXFrameworksBuildPhase;
			buildActionMask = 2147483647;
			files = (
				2FA9C53A702107659A19B19D /* Pods_Firebase.framework in Frameworks */,
			);
			runOnlyForDeploymentPostprocessing = 0;
		};
/* End PBXFrameworksBuildPhase section */

/* Begin PBXGroup section */
		9755BA5EE7C6F6E1CEC7AB8D /* Frameworks */ = {
			isa = PBXGroup;
			children = (
				733E0A809402F30D8F13CBB6 /* Pods_Firebase.framework */,
			);
			name = Frameworks;
			sourceTree = "<group>";
		};
		D722A25923920E0F001754ED = {
			isa = PBXGroup;
			children = (
				D722A26423920E0F001754ED /* Firebase */,
				D722A26323920E0F001754ED /* Products */,
				FC8248823903E29D15619472 /* Pods */,
				9755BA5EE7C6F6E1CEC7AB8D /* Frameworks */,
			);
			sourceTree = "<group>";
		};
		D722A26323920E0F001754ED /* Products */ = {
			isa = PBXGroup;
			children = (
				D722A26223920E0F001754ED /* Firebase.app */,
			);
			name = Products;
			sourceTree = "<group>";
		};
		D722A26423920E0F001754ED /* Firebase */ = {
			isa = PBXGroup;
			children = (
				D7DF8E102393133C00D4EA45 /* Models */,
				D722A27B23922EC2001754ED /* Controllers */,
				D722A27C23922EDA001754ED /* Supfiles */,
			);
			path = Firebase;
			sourceTree = "<group>";
		};
		D722A27B23922EC2001754ED /* Controllers */ = {
			isa = PBXGroup;
			children = (
				D722A26923920E0F001754ED /* LoginViewController.swift */,
				D722A27923922E84001754ED /* TasksViewController.swift */,
			);
			path = Controllers;
			sourceTree = "<group>";
		};
		D722A27C23922EDA001754ED /* Supfiles */ = {
			isa = PBXGroup;
			children = (
				D722A26523920E0F001754ED /* AppDelegate.swift */,
				D722A26723920E0F001754ED /* SceneDelegate.swift */,
				D76B35E8239239F600CFD214 /* Main.storyboard */,
				D722A26E23920E10001754ED /* Assets.xcassets */,
				D722A27023920E10001754ED /* LaunchScreen.storyboard */,
				D722A27323920E10001754ED /* Info.plist */,
				D76B35ED2392595D00CFD214 /* GoogleService-Info.plist */,
			);
			path = Supfiles;
			sourceTree = "<group>";
		};
		D7DF8E102393133C00D4EA45 /* Models */ = {
			isa = PBXGroup;
			children = (
				D7DF8E112393135300D4EA45 /* Task.swift */,
				D7DF8E132393135900D4EA45 /* User.swift */,
			);
			path = Models;
			sourceTree = "<group>";
		};
		FC8248823903E29D15619472 /* Pods */ = {
			isa = PBXGroup;
			children = (
				1E4AD2A2C66B5DEA8FF55618 /* Pods-Firebase.debug.xcconfig */,
				86DF3647D0F7AA93935F5580 /* Pods-Firebase.release.xcconfig */,
			);
			path = Pods;
			sourceTree = "<group>";
		};
/* End PBXGroup section */

/* Begin PBXNativeTarget section */
		D722A26123920E0F001754ED /* Firebase */ = {
			isa = PBXNativeTarget;
			buildConfigurationList = D722A27623920E10001754ED /* Build configuration list for PBXNativeTarget "Firebase" */;
			buildPhases = (
				E0542DF88BE5D0FCCB679138 /* [CP] Check Pods Manifest.lock */,
				D722A25E23920E0F001754ED /* Sources */,
				D722A25F23920E0F001754ED /* Frameworks */,
				D722A26023920E0F001754ED /* Resources */,
				426A11390C5CB588F5DC3553 /* [CP] Embed Pods Frameworks */,
			);
			buildRules = (
			);
			dependencies = (
			);
			name = Firebase;
			productName = Firebase;
			productReference = D722A26223920E0F001754ED /* Firebase.app */;
			productType = "com.apple.product-type.application";
		};
/* End PBXNativeTarget section */

/* Begin PBXProject section */
		D722A25A23920E0F001754ED /* Project object */ = {
			isa = PBXProject;
			attributes = {
				LastSwiftUpdateCheck = 1110;
				LastUpgradeCheck = 1110;
				ORGANIZATIONNAME = wtildestar;
				TargetAttributes = {
					D722A26123920E0F001754ED = {
						CreatedOnToolsVersion = 11.1;
					};
				};
			};
			buildConfigurationList = D722A25D23920E0F001754ED /* Build configuration list for PBXProject "Firebase" */;
			compatibilityVersion = "Xcode 9.3";
			developmentRegion = en;
			hasScannedForEncodings = 0;
			knownRegions = (
				en,
				Base,
			);
			mainGroup = D722A25923920E0F001754ED;
			productRefGroup = D722A26323920E0F001754ED /* Products */;
			projectDirPath = "";
			projectRoot = "";
			targets = (
				D722A26123920E0F001754ED /* Firebase */,
			);
		};
/* End PBXProject section */

/* Begin PBXResourcesBuildPhase section */
		D722A26023920E0F001754ED /* Resources */ = {
			isa = PBXResourcesBuildPhase;
			buildActionMask = 2147483647;
			files = (
				D722A27223920E10001754ED /* LaunchScreen.storyboard in Resources */,
				D722A26F23920E10001754ED /* Assets.xcassets in Resources */,
				D76B35EA239239F600CFD214 /* Main.storyboard in Resources */,
				D76B35EE2392595D00CFD214 /* GoogleService-Info.plist in Resources */,
			);
			runOnlyForDeploymentPostprocessing = 0;
		};
/* End PBXResourcesBuildPhase section */

/* Begin PBXShellScriptBuildPhase section */
		426A11390C5CB588F5DC3553 /* [CP] Embed Pods Frameworks */ = {
			isa = PBXShellScriptBuildPhase;
			buildActionMask = 2147483647;
			files = (
			);
			inputFileListPaths = (
				"${PODS_ROOT}/Target Support Files/Pods-Firebase/Pods-Firebase-frameworks-${CONFIGURATION}-input-files.xcfilelist",
			);
			name = "[CP] Embed Pods Frameworks";
			outputFileListPaths = (
				"${PODS_ROOT}/Target Support Files/Pods-Firebase/Pods-Firebase-frameworks-${CONFIGURATION}-output-files.xcfilelist",
			);
			runOnlyForDeploymentPostprocessing = 0;
			shellPath = /bin/sh;
			shellScript = "\"${PODS_ROOT}/Target Support Files/Pods-Firebase/Pods-Firebase-frameworks.sh\"\n";
			showEnvVarsInLog = 0;
		};
		E0542DF88BE5D0FCCB679138 /* [CP] Check Pods Manifest.lock */ = {
			isa = PBXShellScriptBuildPhase;
			buildActionMask = 2147483647;
			files = (
			);
			inputFileListPaths = (
			);
			inputPaths = (
				"${PODS_PODFILE_DIR_PATH}/Podfile.lock",
				"${PODS_ROOT}/Manifest.lock",
			);
			name = "[CP] Check Pods Manifest.lock";
			outputFileListPaths = (
			);
			outputPaths = (
				"$(DERIVED_FILE_DIR)/Pods-Firebase-checkManifestLockResult.txt",
			);
			runOnlyForDeploymentPostprocessing = 0;
			shellPath = /bin/sh;
			shellScript = "diff \"${PODS_PODFILE_DIR_PATH}/Podfile.lock\" \"${PODS_ROOT}/Manifest.lock\" > /dev/null\nif [ $? != 0 ] ; then\n    # print error to STDERR\n    echo \"error: The sandbox is not in sync with the Podfile.lock. Run 'pod install' or update your CocoaPods installation.\" >&2\n    exit 1\nfi\n# This output is used by Xcode 'outputs' to avoid re-running this script phase.\necho \"SUCCESS\" > \"${SCRIPT_OUTPUT_FILE_0}\"\n";
			showEnvVarsInLog = 0;
		};
/* End PBXShellScriptBuildPhase section */

/* Begin PBXSourcesBuildPhase section */
		D722A25E23920E0F001754ED /* Sources */ = {
			isa = PBXSourcesBuildPhase;
			buildActionMask = 2147483647;
			files = (
				D722A26A23920E0F001754ED /* LoginViewController.swift in Sources */,
				D722A27A23922E84001754ED /* TasksViewController.swift in Sources */,
				D7DF8E142393135900D4EA45 /* User.swift in Sources */,
				D7DF8E122393135300D4EA45 /* Task.swift in Sources */,
				D722A26623920E0F001754ED /* AppDelegate.swift in Sources */,
				D722A26823920E0F001754ED /* SceneDelegate.swift in Sources */,
			);
			runOnlyForDeploymentPostprocessing = 0;
		};
/* End PBXSourcesBuildPhase section */

/* Begin PBXVariantGroup section */
		D722A27023920E10001754ED /* LaunchScreen.storyboard */ = {
			isa = PBXVariantGroup;
			children = (
				D722A27123920E10001754ED /* Base */,
			);
			name = LaunchScreen.storyboard;
			sourceTree = "<group>";
		};
/* End PBXVariantGroup section */

/* Begin XCBuildConfiguration section */
		D722A27423920E10001754ED /* Debug */ = {
			isa = XCBuildConfiguration;
			buildSettings = {
				ALWAYS_SEARCH_USER_PATHS = NO;
				CLANG_ANALYZER_NONNULL = YES;
				CLANG_ANALYZER_NUMBER_OBJECT_CONVERSION = YES_AGGRESSIVE;
				CLANG_CXX_LANGUAGE_STANDARD = "gnu++14";
				CLANG_CXX_LIBRARY = "libc++";
				CLANG_ENABLE_MODULES = YES;
				CLANG_ENABLE_OBJC_ARC = YES;
				CLANG_ENABLE_OBJC_WEAK = YES;
				CLANG_WARN_BLOCK_CAPTURE_AUTORELEASING = YES;
				CLANG_WARN_BOOL_CONVERSION = YES;
				CLANG_WARN_COMMA = YES;
				CLANG_WARN_CONSTANT_CONVERSION = YES;
				CLANG_WARN_DEPRECATED_OBJC_IMPLEMENTATIONS = YES;
				CLANG_WARN_DIRECT_OBJC_ISA_USAGE = YES_ERROR;
				CLANG_WARN_DOCUMENTATION_COMMENTS = YES;
				CLANG_WARN_EMPTY_BODY = YES;
				CLANG_WARN_ENUM_CONVERSION = YES;
				CLANG_WARN_INFINITE_RECURSION = YES;
				CLANG_WARN_INT_CONVERSION = YES;
				CLANG_WARN_NON_LITERAL_NULL_CONVERSION = YES;
				CLANG_WARN_OBJC_IMPLICIT_RETAIN_SELF = YES;
				CLANG_WARN_OBJC_LITERAL_CONVERSION = YES;
				CLANG_WARN_OBJC_ROOT_CLASS = YES_ERROR;
				CLANG_WARN_RANGE_LOOP_ANALYSIS = YES;
				CLANG_WARN_STRICT_PROTOTYPES = YES;
				CLANG_WARN_SUSPICIOUS_MOVE = YES;
				CLANG_WARN_UNGUARDED_AVAILABILITY = YES_AGGRESSIVE;
				CLANG_WARN_UNREACHABLE_CODE = YES;
				CLANG_WARN__DUPLICATE_METHOD_MATCH = YES;
				COPY_PHASE_STRIP = NO;
				DEBUG_INFORMATION_FORMAT = dwarf;
				ENABLE_STRICT_OBJC_MSGSEND = YES;
				ENABLE_TESTABILITY = YES;
				GCC_C_LANGUAGE_STANDARD = gnu11;
				GCC_DYNAMIC_NO_PIC = NO;
				GCC_NO_COMMON_BLOCKS = YES;
				GCC_OPTIMIZATION_LEVEL = 0;
				GCC_PREPROCESSOR_DEFINITIONS = (
					"DEBUG=1",
					"$(inherited)",
				);
				GCC_WARN_64_TO_32_BIT_CONVERSION = YES;
				GCC_WARN_ABOUT_RETURN_TYPE = YES_ERROR;
				GCC_WARN_UNDECLARED_SELECTOR = YES;
				GCC_WARN_UNINITIALIZED_AUTOS = YES_AGGRESSIVE;
				GCC_WARN_UNUSED_FUNCTION = YES;
				GCC_WARN_UNUSED_VARIABLE = YES;
				IPHONEOS_DEPLOYMENT_TARGET = 13.1;
				MTL_ENABLE_DEBUG_INFO = INCLUDE_SOURCE;
				MTL_FAST_MATH = YES;
				ONLY_ACTIVE_ARCH = YES;
				SDKROOT = iphoneos;
				SWIFT_ACTIVE_COMPILATION_CONDITIONS = DEBUG;
				SWIFT_OPTIMIZATION_LEVEL = "-Onone";
			};
			name = Debug;
		};
		D722A27523920E10001754ED /* Release */ = {
			isa = XCBuildConfiguration;
			buildSettings = {
				ALWAYS_SEARCH_USER_PATHS = NO;
				CLANG_ANALYZER_NONNULL = YES;
				CLANG_ANALYZER_NUMBER_OBJECT_CONVERSION = YES_AGGRESSIVE;
				CLANG_CXX_LANGUAGE_STANDARD = "gnu++14";
				CLANG_CXX_LIBRARY = "libc++";
				CLANG_ENABLE_MODULES = YES;
				CLANG_ENABLE_OBJC_ARC = YES;
				CLANG_ENABLE_OBJC_WEAK = YES;
				CLANG_WARN_BLOCK_CAPTURE_AUTORELEASING = YES;
				CLANG_WARN_BOOL_CONVERSION = YES;
				CLANG_WARN_COMMA = YES;
				CLANG_WARN_CONSTANT_CONVERSION = YES;
				CLANG_WARN_DEPRECATED_OBJC_IMPLEMENTATIONS = YES;
				CLANG_WARN_DIRECT_OBJC_ISA_USAGE = YES_ERROR;
				CLANG_WARN_DOCUMENTATION_COMMENTS = YES;
				CLANG_WARN_EMPTY_BODY = YES;
				CLANG_WARN_ENUM_CONVERSION = YES;
				CLANG_WARN_INFINITE_RECURSION = YES;
				CLANG_WARN_INT_CONVERSION = YES;
				CLANG_WARN_NON_LITERAL_NULL_CONVERSION = YES;
				CLANG_WARN_OBJC_IMPLICIT_RETAIN_SELF = YES;
				CLANG_WARN_OBJC_LITERAL_CONVERSION = YES;
				CLANG_WARN_OBJC_ROOT_CLASS = YES_ERROR;
				CLANG_WARN_RANGE_LOOP_ANALYSIS = YES;
				CLANG_WARN_STRICT_PROTOTYPES = YES;
				CLANG_WARN_SUSPICIOUS_MOVE = YES;
				CLANG_WARN_UNGUARDED_AVAILABILITY = YES_AGGRESSIVE;
				CLANG_WARN_UNREACHABLE_CODE = YES;
				CLANG_WARN__DUPLICATE_METHOD_MATCH = YES;
				COPY_PHASE_STRIP = NO;
				DEBUG_INFORMATION_FORMAT = "dwarf-with-dsym";
				ENABLE_NS_ASSERTIONS = NO;
				ENABLE_STRICT_OBJC_MSGSEND = YES;
				GCC_C_LANGUAGE_STANDARD = gnu11;
				GCC_NO_COMMON_BLOCKS = YES;
				GCC_WARN_64_TO_32_BIT_CONVERSION = YES;
				GCC_WARN_ABOUT_RETURN_TYPE = YES_ERROR;
				GCC_WARN_UNDECLARED_SELECTOR = YES;
				GCC_WARN_UNINITIALIZED_AUTOS = YES_AGGRESSIVE;
				GCC_WARN_UNUSED_FUNCTION = YES;
				GCC_WARN_UNUSED_VARIABLE = YES;
				IPHONEOS_DEPLOYMENT_TARGET = 13.1;
				MTL_ENABLE_DEBUG_INFO = NO;
				MTL_FAST_MATH = YES;
				SDKROOT = iphoneos;
				SWIFT_COMPILATION_MODE = wholemodule;
				SWIFT_OPTIMIZATION_LEVEL = "-O";
				VALIDATE_PRODUCT = YES;
			};
			name = Release;
		};
		D722A27723920E10001754ED /* Debug */ = {
			isa = XCBuildConfiguration;
			baseConfigurationReference = 1E4AD2A2C66B5DEA8FF55618 /* Pods-Firebase.debug.xcconfig */;
			buildSettings = {
				ASSETCATALOG_COMPILER_APPICON_NAME = AppIcon;
				CODE_SIGN_STYLE = Automatic;
				INFOPLIST_FILE = Firebase/Supfiles/Info.plist;
				LD_RUNPATH_SEARCH_PATHS = (
					"$(inherited)",
					"@executable_path/Frameworks",
				);
				PRODUCT_BUNDLE_IDENTIFIER = com.wtildestar.Firebase;
				PRODUCT_NAME = "$(TARGET_NAME)";
				SWIFT_VERSION = 5.0;
				TARGETED_DEVICE_FAMILY = "1,2";
			};
			name = Debug;
		};
		D722A27823920E10001754ED /* Release */ = {
			isa = XCBuildConfiguration;
			baseConfigurationReference = 86DF3647D0F7AA93935F5580 /* Pods-Firebase.release.xcconfig */;
			buildSettings = {
				ASSETCATALOG_COMPILER_APPICON_NAME = AppIcon;
				CODE_SIGN_STYLE = Automatic;
				INFOPLIST_FILE = Firebase/Supfiles/Info.plist;
				LD_RUNPATH_SEARCH_PATHS = (
					"$(inherited)",
					"@executable_path/Frameworks",
				);
				PRODUCT_BUNDLE_IDENTIFIER = com.wtildestar.Firebase;
				PRODUCT_NAME = "$(TARGET_NAME)";
				SWIFT_VERSION = 5.0;
				TARGETED_DEVICE_FAMILY = "1,2";
			};
			name = Release;
		};
/* End XCBuildConfiguration section */

/* Begin XCConfigurationList section */
		D722A25D23920E0F001754ED /* Build configuration list for PBXProject "Firebase" */ = {
			isa = XCConfigurationList;
			buildConfigurations = (
				D722A27423920E10001754ED /* Debug */,
				D722A27523920E10001754ED /* Release */,
			);
			defaultConfigurationIsVisible = 0;
			defaultConfigurationName = Release;
		};
		D722A27623920E10001754ED /* Build configuration list for PBXNativeTarget "Firebase" */ = {
			isa = XCConfigurationList;
			buildConfigurations = (
				D722A27723920E10001754ED /* Debug */,
				D722A27823920E10001754ED /* Release */,
			);
			defaultConfigurationIsVisible = 0;
			defaultConfigurationName = Release;
		};
/* End XCConfigurationList section */
	};
	rootObject = D722A25A23920E0F001754ED /* Project object */;
}
